<Solution>
  <Project Path="AnimeAvalonia.Android/AnimeAvalonia.Android.csproj">
    <Deploy />
  </Project>
  <Project Path="AnimeAvalonia.Browser/AnimeAvalonia.Browser.csproj" />
  <Project Path="AnimeAvalonia.Desktop/AnimeAvalonia.Desktop.csproj" />
  <Project Path="AnimeAvalonia.iOS/AnimeAvalonia.iOS.csproj">
    <Deploy />
  </Project>
  <Project Path="AnimeAvalonia/AnimeAvalonia.csproj" />
</Solution>
